// !$*UTF8*$!
{
	archiveVersion = 1;
	classes = {
	};
	objectVersion = 48;
	objects = {

/* Begin PBXBuildFile section */
		A27E36A4219A7B090003F961 /* AppDelegate.m in Sources */ = {isa = PBXBuildFile; fileRef = A27E36A3219A7B090003F961 /* AppDelegate.m */; };
		A27E36A7219A7B090003F961 /* ViewController.m in Sources */ = {isa = PBXBuildFile; fileRef = A27E36A6219A7B090003F961 /* ViewController.m */; };
		A27E36AD219A7B090003F961 /* TYKVO_KVC_Example.xcdatamodeld in Sources */ = {isa = PBXBuildFile; fileRef = A27E36AB219A7B090003F961 /* TYKVO_KVC_Example.xcdatamodeld */; };
		A27E36AF219A7B090003F961 /* Assets.xcassets in Resources */ = {isa = PBXBuildFile; fileRef = A27E36AE219A7B090003F961 /* Assets.xcassets */; };
		A27E36B2219A7B090003F961 /* LaunchScreen.storyboard in Resources */ = {isa = PBXBuildFile; fileRef = A27E36B0219A7B090003F961 /* LaunchScreen.storyboard */; };
		A27E36B5219A7B090003F961 /* main.m in Sources */ = {isa = PBXBuildFile; fileRef = A27E36B4219A7B090003F961 /* main.m */; };
/* End PBXBuildFile section */

/* Begin PBXFileReference section */
		A27E369F219A7B090003F961 /* TYKVO_KVC_Example.app */ = {isa = PBXFileReference; explicitFileType = wrapper.application; includeInIndex = 0; path = TYKVO_KVC_Example.app; sourceTree = BUILT_PRODUCTS_DIR; };
		A27E36A2219A7B090003F961 /* AppDelegate.h */ = {isa = PBXFileReference; lastKnownFileType = sourcecode.c.h; path = AppDelegate.h; sourceTree = "<group>"; };
		A27E36A3219A7B090003F961 /* AppDelegate.m */ = {isa = PBXFileReference; lastKnownFileType = sourcecode.c.objc; path = AppDelegate.m; sourceTree = "<group>"; };
		A27E36A5219A7B090003F961 /* ViewController.h */ = {isa = PBXFileReference; lastKnownFileType = sourcecode.c.h; path = ViewController.h; sourceTree = "<group>"; };
		A27E36A6219A7B090003F961 /* ViewController.m */ = {isa = PBXFileReference; lastKnownFileType = sourcecode.c.objc; path = ViewController.m; sourceTree = "<group>"; };
		A27E36AC219A7B090003F961 /* TYKVO_KVC_Example.xcdatamodel */ = {isa = PBXFileReference; lastKnownFileType = wrapper.xcdatamodel; path = TYKVO_KVC_Example.xcdatamodel; sourceTree = "<group>"; };
		A27E36AE219A7B090003F961 /* Assets.xcassets */ = {isa = PBXFileReference; lastKnownFileType = folder.assetcatalog; path = Assets.xcassets; sourceTree = "<group>"; };
		A27E36B1219A7B090003F961 /* Base */ = {isa = PBXFileReference; lastKnownFileType = file.storyboard; name = Base; path = Base.lproj/LaunchScreen.storyboard; sourceTree = "<group>"; };
		A27E36B3219A7B090003F961 /* Info.plist */ = {isa = PBXFileReference; lastKnownFileType = text.plist.xml; path = Info.plist; sourceTree = "<group>"; };
		A27E36B4219A7B090003F961 /* main.m */ = {isa = PBXFileReference; lastKnownFileType = sourcecode.c.objc; path = main.m; sourceTree = "<group>"; };
/* End PBXFileReference section */

/* Begin PBXFrameworksBuildPhase section */
		A27E369C219A7B090003F961 /* Frameworks */ = {
			isa = PBXFrameworksBuildPhase;
			buildActionMask = 2147483647;
			files = (
			);
			runOnlyForDeploymentPostprocessing = 0;
		};
/* End PBXFrameworksBuildPhase section */

/* Begin PBXGroup section */
		A27E3696219A7B090003F961 = {
			isa = PBXGroup;
			children = (
				A27E36A1219A7B090003F961 /* TYKVO_KVC_Example */,
				A27E36A0219A7B090003F961 /* Products */,
			);
			sourceTree = "<group>";
		};
		A27E36A0219A7B090003F961 /* Products */ = {
			isa = PBXGroup;
			children = (
				A27E369F219A7B090003F961 /* TYKVO_KVC_Example.app */,
			);
			name = Products;
			sourceTree = "<group>";
		};
		A27E36A1219A7B090003F961 /* TYKVO_KVC_Example */ = {
			isa = PBXGroup;
			children = (
				A27E36A2219A7B090003F961 /* AppDelegate.h */,
				A27E36A3219A7B090003F961 /* AppDelegate.m */,
				A27E36A5219A7B090003F961 /* ViewController.h */,
				A27E36A6219A7B090003F961 /* ViewController.m */,
				A27E36AE219A7B090003F961 /* Assets.xcassets */,
				A27E36B0219A7B090003F961 /* LaunchScreen.storyboard */,
				A27E36B3219A7B090003F961 /* Info.plist */,
				A27E36B4219A7B090003F961 /* main.m */,
				A27E36AB219A7B090003F961 /* TYKVO_KVC_Example.xcdatamodeld */,
			);
			path = TYKVO_KVC_Example;
			sourceTree = "<group>";
		};
/* End PBXGroup section */

/* Begin PBXNativeTarget section */
		A27E369E219A7B090003F961 /* TYKVO_KVC_Example */ = {
			isa = PBXNativeTarget;
			buildConfigurationList = A27E36B8219A7B090003F961 /* Build configuration list for PBXNativeTarget "TYKVO_KVC_Example" */;
			buildPhases = (
				A27E369B219A7B090003F961 /* Sources */,
				A27E369C219A7B090003F961 /* Frameworks */,
				A27E369D219A7B090003F961 /* Resources */,
			);
			buildRules = (
			);
			dependencies = (
			);
			name = TYKVO_KVC_Example;
			productName = TYKVO_KVC_Example;
			productReference = A27E369F219A7B090003F961 /* TYKVO_KVC_Example.app */;
			productType = "com.apple.product-type.application";
		};
/* End PBXNativeTarget section */

/* Begin PBXProject section */
		A27E3697219A7B090003F961 /* Project object */ = {
			isa = PBXProject;
			attributes = {
				LastUpgradeCheck = 0920;
				ORGANIZATIONNAME = "汤义";
				TargetAttributes = {
					A27E369E219A7B090003F961 = {
						CreatedOnToolsVersion = 9.2;
						ProvisioningStyle = Automatic;
					};
				};
			};
			buildConfigurationList = A27E369A219A7B090003F961 /* Build configuration list for PBXProject "TYKVO_KVC_Example" */;
			compatibilityVersion = "Xcode 8.0";
			developmentRegion = en;
			hasScannedForEncodings = 0;
			knownRegions = (
				en,
				Base,
			);
			mainGroup = A27E3696219A7B090003F961;
			productRefGroup = A27E36A0219A7B090003F961 /* Products */;
			projectDirPath = "";
			projectRoot = "";
			targets = (
				A27E369E219A7B090003F961 /* TYKVO_KVC_Example */,
			);
		};
/* End PBXProject section */

/* Begin PBXResourcesBuildPhase section */
		A27E369D219A7B090003F961 /* Resources */ = {
			isa = PBXResourcesBuildPhase;
			buildActionMask = 2147483647;
			files = (
				A27E36B2219A7B090003F961 /* LaunchScreen.storyboard in Resources */,
				A27E36AF219A7B090003F961 /* Assets.xcassets in Resources */,
			);
			runOnlyForDeploymentPostprocessing = 0;
		};
/* End PBXResourcesBuildPhase section */

/* Begin PBXSourcesBuildPhase section */
		A27E369B219A7B090003F961 /* Sources */ = {
			isa = PBXSourcesBuildPhase;
			buildActionMask = 2147483647;
			files = (
				A27E36A7219A7B090003F961 /* ViewController.m in Sources */,
				A27E36A4219A7B090003F961 /* AppDelegate.m in Sources */,
				A27E36B5219A7B090003F961 /* main.m in Sources */,
				A27E36AD219A7B090003F961 /* TYKVO_KVC_Example.xcdatamodeld in Sources */,
			);
			runOnlyForDeploymentPostprocessing = 0;
		};
/* End PBXSourcesBuildPhase section */

/* Begin PBXVariantGroup section */
		A27E36B0219A7B090003F961 /* LaunchScreen.storyboard */ = {
			isa = PBXVariantGroup;
			children = (
				A27E36B1219A7B090003F961 /* Base */,
			);
			name = LaunchScreen.storyboard;
			sourceTree = "<group>";
		};
/* End PBXVariantGroup section */

/* Begin XCBuildConfiguration section */
		A27E36B6219A7B090003F961 /* Debug */ = {
			isa = XCBuildConfiguration;
			buildSettings = {
				ALWAYS_SEARCH_USER_PATHS = NO;
				CLANG_ANALYZER_NONNULL = YES;
				CLANG_ANALYZER_NUMBER_OBJECT_CONVERSION = YES_AGGRESSIVE;
				CLANG_CXX_LANGUAGE_STANDARD = "gnu++14";
				CLANG_CXX_LIBRARY = "libc++";
				CLANG_ENABLE_MODULES = YES;
				CLANG_ENABLE_OBJC_ARC = YES;
				CLANG_WARN_BLOCK_CAPTURE_AUTORELEASING = YES;
				CLANG_WARN_BOOL_CONVERSION = YES;
				CLANG_WARN_COMMA = YES;
				CLANG_WARN_CONSTANT_CONVERSION = YES;
				CLANG_WARN_DIRECT_OBJC_ISA_USAGE = YES_ERROR;
				CLANG_WARN_DOCUMENTATION_COMMENTS = YES;
				CLANG_WARN_EMPTY_BODY = YES;
				CLANG_WARN_ENUM_CONVERSION = YES;
				CLANG_WARN_INFINITE_RECURSION = YES;
				CLANG_WARN_INT_CONVERSION = YES;
				CLANG_WARN_NON_LITERAL_NULL_CONVERSION = YES;
				CLANG_WARN_OBJC_LITERAL_CONVERSION = YES;
				CLANG_WARN_OBJC_ROOT_CLASS = YES_ERROR;
				CLANG_WARN_RANGE_LOOP_ANALYSIS = YES;
				CLANG_WARN_STRICT_PROTOTYPES = YES;
				CLANG_WARN_SUSPICIOUS_MOVE = YES;
				CLANG_WARN_UNGUARDED_AVAILABILITY = YES_AGGRESSIVE;
				CLANG_WARN_UNREACHABLE_CODE = YES;
				CLANG_WARN__DUPLICATE_METHOD_MATCH = YES;
				CODE_SIGN_IDENTITY = "iPhone Developer";
				COPY_PHASE_STRIP = NO;
				DEBUG_INFORMATION_FORMAT = dwarf;
				ENABLE_STRICT_OBJC_MSGSEND = YES;
				ENABLE_TESTABILITY = YES;
				GCC_C_LANGUAGE_STANDARD = gnu11;
				GCC_DYNAMIC_NO_PIC = NO;
				GCC_NO_COMMON_BLOCKS = YES;
				GCC_OPTIMIZATION_LEVEL = 0;
				GCC_PREPROCESSOR_DEFINITIONS = (
					"DEBUG=1",
					"$(inherited)",
				);
				GCC_WARN_64_TO_32_BIT_CONVERSION = YES;
				GCC_WARN_ABOUT_RETURN_TYPE = YES_ERROR;
				GCC_WARN_UNDECLARED_SELECTOR = YES;
				GCC_WARN_UNINITIALIZED_AUTOS = YES_AGGRESSIVE;
				GCC_WARN_UNUSED_FUNCTION = YES;
				GCC_WARN_UNUSED_VARIABLE = YES;
				IPHONEOS_DEPLOYMENT_TARGET = 11.2;
				MTL_ENABLE_DEBUG_INFO = YES;
				ONLY_ACTIVE_ARCH = YES;
				SDKROOT = iphoneos;
			};
			name = Debug;
		};
		A27E36B7219A7B090003F961 /* Release */ = {
			isa = XCBuildConfiguration;
			buildSettings = {
				ALWAYS_SEARCH_USER_PATHS = NO;
				CLANG_ANALYZER_NONNULL = YES;
				CLANG_ANALYZER_NUMBER_OBJECT_CONVERSION = YES_AGGRESSIVE;
				CLANG_CXX_LANGUAGE_STANDARD = "gnu++14";
				CLANG_CXX_LIBRARY = "libc++";
				CLANG_ENABLE_MODULES = YES;
				CLANG_ENABLE_OBJC_ARC = YES;
				CLANG_WARN_BLOCK_CAPTURE_AUTORELEASING = YES;
				CLANG_WARN_BOOL_CONVERSION = YES;
				CLANG_WARN_COMMA = YES;
				CLANG_WARN_CONSTANT_CONVERSION = YES;
				CLANG_WARN_DIRECT_OBJC_ISA_USAGE = YES_ERROR;
				CLANG_WARN_DOCUMENTATION_COMMENTS = YES;
				CLANG_WARN_EMPTY_BODY = YES;
				CLANG_WARN_ENUM_CONVERSION = YES;
				CLANG_WARN_INFINITE_RECURSION = YES;
				CLANG_WARN_INT_CONVERSION = YES;
				CLANG_WARN_NON_LITERAL_NULL_CONVERSION = YES;
				CLANG_WARN_OBJC_LITERAL_CONVERSION = YES;
				CLANG_WARN_OBJC_ROOT_CLASS = YES_ERROR;
				CLANG_WARN_RANGE_LOOP_ANALYSIS = YES;
				CLANG_WARN_STRICT_PROTOTYPES = YES;
				CLANG_WARN_SUSPICIOUS_MOVE = YES;
				CLANG_WARN_UNGUARDED_AVAILABILITY = YES_AGGRESSIVE;
				CLANG_WARN_UNREACHABLE_CODE = YES;
				CLANG_WARN__DUPLICATE_METHOD_MATCH = YES;
				CODE_SIGN_IDENTITY = "iPhone Developer";
				COPY_PHASE_STRIP = NO;
				DEBUG_INFORMATION_FORMAT = "dwarf-with-dsym";
				ENABLE_NS_ASSERTIONS = NO;
				ENABLE_STRICT_OBJC_MSGSEND = YES;
				GCC_C_LANGUAGE_STANDARD = gnu11;
				GCC_NO_COMMON_BLOCKS = YES;
				GCC_WARN_64_TO_32_BIT_CONVERSION = YES;
				GCC_WARN_ABOUT_RETURN_TYPE = YES_ERROR;
				GCC_WARN_UNDECLARED_SELECTOR = YES;
				GCC_WARN_UNINITIALIZED_AUTOS = YES_AGGRESSIVE;
				GCC_WARN_UNUSED_FUNCTION = YES;
				GCC_WARN_UNUSED_VARIABLE = YES;
				IPHONEOS_DEPLOYMENT_TARGET = 11.2;
				MTL_ENABLE_DEBUG_INFO = NO;
				SDKROOT = iphoneos;
				VALIDATE_PRODUCT = YES;
			};
			name = Release;
		};
		A27E36B9219A7B090003F961 /* Debug */ = {
			isa = XCBuildConfiguration;
			buildSettings = {
				ASSETCATALOG_COMPILER_APPICON_NAME = AppIcon;
				CODE_SIGN_STYLE = Automatic;
				DEVELOPMENT_TEAM = N5WRHCE748;
				INFOPLIST_FILE = TYKVO_KVC_Example/Info.plist;
				LD_RUNPATH_SEARCH_PATHS = "$(inherited) @executable_path/Frameworks";
				PRODUCT_BUNDLE_IDENTIFIER = "Users-xiyin-desktop-name-Get-image-processing.TYKVO-KVC-Example";
				PRODUCT_NAME = "$(TARGET_NAME)";
				TARGETED_DEVICE_FAMILY = "1,2";
			};
			name = Debug;
		};
		A27E36BA219A7B090003F961 /* Release */ = {
			isa = XCBuildConfiguration;
			buildSettings = {
				ASSETCATALOG_COMPILER_APPICON_NAME = AppIcon;
				CODE_SIGN_STYLE = Automatic;
				DEVELOPMENT_TEAM = N5WRHCE748;
				INFOPLIST_FILE = TYKVO_KVC_Example/Info.plist;
				LD_RUNPATH_SEARCH_PATHS = "$(inherited) @executable_path/Frameworks";
				PRODUCT_BUNDLE_IDENTIFIER = "Users-xiyin-desktop-name-Get-image-processing.TYKVO-KVC-Example";
				PRODUCT_NAME = "$(TARGET_NAME)";
				TARGETED_DEVICE_FAMILY = "1,2";
			};
			name = Release;
		};
/* End XCBuildConfiguration section */

/* Begin XCConfigurationList section */
		A27E369A219A7B090003F961 /* Build configuration list for PBXProject "TYKVO_KVC_Example" */ = {
			isa = XCConfigurationList;
			buildConfigurations = (
				A27E36B6219A7B090003F961 /* Debug */,
				A27E36B7219A7B090003F961 /* Release */,
			);
			defaultConfigurationIsVisible = 0;
			defaultConfigurationName = Release;
		};
		A27E36B8219A7B090003F961 /* Build configuration list for PBXNativeTarget "TYKVO_KVC_Example" */ = {
			isa = XCConfigurationList;
			buildConfigurations = (
				A27E36B9219A7B090003F961 /* Debug */,
				A27E36BA219A7B090003F961 /* Release */,
			);
			defaultConfigurationIsVisible = 0;
			defaultConfigurationName = Release;
		};
/* End XCConfigurationList section */

/* Begin XCVersionGroup section */
		A27E36AB219A7B090003F961 /* TYKVO_KVC_Example.xcdatamodeld */ = {
			isa = XCVersionGroup;
			children = (
				A27E36AC219A7B090003F961 /* TYKVO_KVC_Example.xcdatamodel */,
			);
			currentVersion = A27E36AC219A7B090003F961 /* TYKVO_KVC_Example.xcdatamodel */;
			path = TYKVO_KVC_Example.xcdatamodeld;
			sourceTree = "<group>";
			versionGroupType = wrapper.xcdatamodel;
		};
/* End XCVersionGroup section */
	};
	rootObject = A27E3697219A7B090003F961 /* Project object */;
}
